lockfileVersion: '6.0'

settings:
  autoInstallPeers: true
  excludeLinksFromLockfile: false

dependencies:
  events:
    specifier: ^3.3.0
    version: 3.3.0
  messagepack:
    specifier: ^1.1.12
    version: 1.1.12
  nanoid:
    specifier: ^4.0.2
    version: 4.0.2

packages:

  /events@3.3.0:
    resolution: {integrity: sha512-mQw+2fkQbALzQ7V0MY0IqdnXNOeTtP4r0lN9z7AAawCXgqea7bDii20AYrIBrFd/Hx0M2Ocz6S111CaFkUcb0Q==}
    engines: {node: '>=0.8.x'}
    dev: false

  /messagepack@1.1.12:
    resolution: {integrity: sha512-pNB6K4q4VMLRXdvlGZkTtQhmKFntvLisnOQnL0VhKpZooL8B8Wsv5TXuidIJil0bCH6V172p3+Onfyow0usPYQ==}
    dev: false

  /nanoid@4.0.2:
    resolution: {integrity: sha512-7ZtY5KTCNheRGfEFxnedV5zFiORN1+Y1N6zvPTnHQd8ENUvfaDBeuJDZb2bN/oXwXxu3qkTXDzy57W5vAmDTBw==}
    engines: {node: ^14 || ^16 || >=18}
    hasBin: true
    dev: false
